PODS:
  - arkit_plugin (0.0.1):
    - Flutter
  - audioplayers (0.0.1):
    - Flutter
  - Flutter (1.0.0)
  - flutter_compass (0.0.1):
    - Flutter
  - geofencing (0.0.1):
    - Flutter
  - "geolocator (6.0.0+4)":
    - Flutter
  - google_maps_flutter (0.0.1):
    - Flutter
    - GoogleMaps (< 3.10)
  - GoogleMaps (3.9.0):
    - GoogleMaps/Maps (= 3.9.0)
  - GoogleMaps/Base (3.9.0)
  - GoogleMaps/Maps (3.9.0):
    - GoogleMaps/Base
  - path_provider (0.0.1):
    - Flutter
  - vibration (1.7.1):
    - Flutter
  - webview_flutter (0.0.1):
    - Flutter

DEPENDENCIES:
  - arkit_plugin (from `.symlinks/plugins/arkit_plugin/ios`)
  - audioplayers (from `.symlinks/plugins/audioplayers/ios`)
  - Flutter (from `Flutter`)
  - flutter_compass (from `.symlinks/plugins/flutter_compass/ios`)
  - geofencing (from `.symlinks/plugins/geofencing/ios`)
  - geolocator (from `.symlinks/plugins/geolocator/ios`)
  - google_maps_flutter (from `.symlinks/plugins/google_maps_flutter/ios`)
  - path_provider (from `.symlinks/plugins/path_provider/ios`)
  - vibration (from `.symlinks/plugins/vibration/ios`)
  - webview_flutter (from `.symlinks/plugins/webview_flutter/ios`)

SPEC REPOS:
  trunk:
    - GoogleMaps

EXTERNAL SOURCES:
  arkit_plugin:
    :path: ".symlinks/plugins/arkit_plugin/ios"
  audioplayers:
    :path: ".symlinks/plugins/audioplayers/ios"
  Flutter:
    :path: Flutter
  flutter_compass:
    :path: ".symlinks/plugins/flutter_compass/ios"
  geofencing:
    :path: ".symlinks/plugins/geofencing/ios"
  geolocator:
    :path: ".symlinks/plugins/geolocator/ios"
  google_maps_flutter:
    :path: ".symlinks/plugins/google_maps_flutter/ios"
  path_provider:
    :path: ".symlinks/plugins/path_provider/ios"
  vibration:
    :path: ".symlinks/plugins/vibration/ios"
  webview_flutter:
    :path: ".symlinks/plugins/webview_flutter/ios"

SPEC CHECKSUMS:
  arkit_plugin: 3e42571e8be84adabb8a178bd51c22fa981e16bd
  audioplayers: 53f0f30789b10ab2009771c6c79def00980945e4
  Flutter: 0e3d915762c693b495b44d77113d4970485de6ec
  flutter_compass: cbbd285cea1584c7ac9c4e0c3e1f17cbea55e855
  geofencing: 98674d4c10508e8bbf7678623d48c2a4172559ee
  geolocator: 1ae40084cc6c1586ce5ad12cfc3fd38c64d05f2f
  google_maps_flutter: c7f9c73576de1fbe152a227bfd6e6c4ae8088619
  GoogleMaps: 4b5346bddfe6911bb89155d43c903020170523ac
  path_provider: abfe2b5c733d04e238b0d8691db0cfd63a27a93c
  vibration: 4f4ded27b9d0e21e4110ca43978f057412d28c44
  webview_flutter: d2b4d6c66968ad042ad94cbb791f5b72b4678a96

PODFILE CHECKSUM: aafe91acc616949ddb318b77800a7f51bffa2a4c

COCOAPODS: 1.9.3
